#MicroXplorer Configuration settings - do not modify
RCC.USART1Freq_Value=170000000
Dma.SPI1_TX.2.MemInc=DMA_MINC_ENABLE
SPI1.VirtualType=VM_MASTER
ADC2.SamplingTime-1\#ChannelRegularConversion=ADC_SAMPLETIME_640CYCLES_5
TIM1.IPParameters=Channel-PWM Generation3 CH3,PulseNoDither_3,Prescaler,PeriodNoDither,TIM_MasterSlaveMode,TIM_MasterOutputTrigger
Dma.ADC2.1.SyncRequestNumber=1
PB14.GPIO_Label=I_LAMP
PC6.GPIO_Label=nI_LAMP_ALERT
PA3.GPIOParameters=GPIO_Label
PA6.GPIO_Label=PGA_OUT_P
TIM2.Dithering=Enable
PA2.GPIOParameters=GPIO_Label
PinOutPanel.RotationAngle=0
RCC.MCO1PinFreq_Value=16000000
RCC.SYSCLKSource=RCC_SYSCLKSOURCE_PLLCLK
NVIC.DMA1_Channel3_IRQn=true\:0\:0\:false\:false\:true\:false\:true
RCC.LPTIM1Freq_Value=170000000
NVIC.SVCall_IRQn=true\:0\:0\:false\:false\:true\:false\:false
SPI1.Direction=SPI_DIRECTION_2LINES
TIM2.IPParameters=Channel-PWM Generation3 CH3,Prescaler,PeriodNoDither,OCPolarity_3,Dithering,Integer_PeriodDither,Fractionnal_PeriodDither
RCC.APB2TimFreq_Value=170000000
Dma.ADC1.0.Direction=DMA_PERIPH_TO_MEMORY
SPI1.CalculateBaudRate=664.062 KBits/s
Dma.ADC1.0.MemDataAlignment=DMA_MDATAALIGN_HALFWORD
OPAMP2.IPParameters=PgaGain
RCC.USART3Freq_Value=170000000
OPAMP2.PgaGain=OPAMP_PGA_GAIN_64_OR_MINUS_63
ProjectManager.ProjectBuild=false
NVIC.UsageFault_IRQn=true\:0\:0\:false\:false\:true\:false\:false
PA0.Locked=true
PB2.Signal=OPAMP3_VINM0
PB3.Mode=Full_Duplex_Master
PA8.Locked=true
RCC.ADC12Freq_Value=170000000
PB12.GPIO_Label=VFPI_SENSE
Dma.ADC2.1.RequestNumber=1
ProjectManager.FirmwarePackage=STM32Cube FW_G4 V1.3.0
MxDb.Version=DB.6.0.0
Dma.ADC2.1.Instance=DMA1_Channel2
PB0.GPIOParameters=GPIO_Label
PA1.GPIOParameters=GPIO_Label
ProjectManager.BackupPrevious=false
PC4.GPIO_Label=V+_SENSE
PB14.Mode=IN5-Single-Ended
PB1.GPIO_Label=PGA_OUT_N
Dma.ADC1.0.PeriphInc=DMA_PINC_DISABLE
Dma.ADC2.1.Polarity=HAL_DMAMUX_REQ_GEN_RISING
SPI1.DataSize=SPI_DATASIZE_8BIT
PA0.Mode=IN1-Single-Ended
TIM2.Fractionnal_PeriodDither=15
PA8.Signal=GPIO_Output
RCC.PLLRCLKFreq_Value=170000000
SPI1.VirtualNSS=VM_NSSHARD
NVIC.PendSV_IRQn=true\:0\:0\:false\:false\:true\:false\:false
ProjectManager.HalAssertFull=false
ADC1.SamplingTime-0\#ChannelRegularConversion=ADC_SAMPLETIME_640CYCLES_5
OPAMP1.UserTrimming=OPAMP_TRIMMING_USER
PA0.Signal=ADC2_IN1
Mcu.Package=UFQFPN48
TIM2.Prescaler=0
PB1.Signal=OPAMP3_VOUT
PA5.Locked=true
NVIC.TimeBase=TIM7_IRQn
OPAMP3.SelfCalibration=Enable
ADC1.OversamplingMode=ENABLE
ADC2.Channel-1\#ChannelRegularConversion=ADC_CHANNEL_1
NVIC.TimeBaseIP=TIM7
RCC.LSCOPinFreq_Value=32000
PA10.Signal=S_TIM1_CH3
PA5.GPIOParameters=GPIO_Label
PB14.GPIOParameters=GPIO_Label
RCC.PLLPoutputFreq_Value=170000000
RCC.APB1TimFreq_Value=170000000
NVIC.BusFault_IRQn=true\:0\:0\:false\:false\:true\:false\:false
RCC.LPUART1Freq_Value=170000000
ADC2.Rank-2\#ChannelRegularConversion=3
Dma.SPI1_TX.2.Priority=DMA_PRIORITY_LOW
OPAMP3.IPParameters=PgaGain,SelfCalibration
ADC2.EnableAnalogWatchDog1=true
TIM1.PulseNoDither_3=10
Dma.ADC2.1.PeriphDataAlignment=DMA_PDATAALIGN_HALFWORD
ProjectManager.CustomerFirmwarePackage=
PC4.GPIOParameters=GPIO_Label
PF1-OSC_OUT.Signal=RCC_OSC_OUT
Dma.ADC1.0.EventEnable=DISABLE
PC4.Mode=IN5-Single-Ended
RCC.HSI48_VALUE=48000000
Dma.SPI1_TX.2.PeriphInc=DMA_PINC_DISABLE
Dma.SPI1_TX.2.RequestNumber=1
PA5.Mode=PGA Connected-INVERTINGINPUT_IO0_BIAS
PA6.GPIOParameters=GPIO_Label
NVIC.TIM8_UP_IRQn=true\:0\:0\:false\:false\:true\:true\:true
RCC.PLLQoutputFreq_Value=170000000
ProjectManager.ProjectFileName=spectrometerFrontend.ioc
Dma.ADC1.0.Instance=DMA1_Channel1
ADC1.Rank-0\#ChannelRegularConversion=1
Mcu.PinsNb=30
Dma.ADC1.0.SyncRequestNumber=1
ADC1.IPParameters=Rank-0\#ChannelRegularConversion,Channel-0\#ChannelRegularConversion,SamplingTime-0\#ChannelRegularConversion,OffsetNumber-0\#ChannelRegularConversion,NbrOfConversionFlag,DMAContinuousRequests,ContinuousConvMode,NbrOfConversion,OversamplingMode,Overrun,ExternalTrigConv,ExternalTrigConvEdge,Rank-1\#ChannelRegularConversion,Channel-1\#ChannelRegularConversion,SamplingTime-1\#ChannelRegularConversion,OffsetNumber-1\#ChannelRegularConversion,Ratio,RightBitShift,EnableAnalogWatchDog1,master
ADC1.OffsetNumber-0\#ChannelRegularConversion=ADC_OFFSET_NONE
ADC2.Rank-3\#ChannelRegularConversion=4
PA9.GPIO_Label=BOOST_PWM
PC6.Signal=GPXTI6
PB11.GPIO_Label=ADC_PHOTO_N
TIM8.TIM_MasterSlaveMode=TIM_MASTERSLAVEMODE_DISABLE
TIM2.OCPolarity_3=TIM_OCPOLARITY_LOW
ADC1.ExternalTrigConvEdge=ADC_EXTERNALTRIGCONVEDGE_FALLING
PB14.Locked=true
PA3.Mode=PGA Connected-INVERTINGINPUT_IO0_BIAS
SH.GPXTI6.ConfNb=1
Dma.ADC2.1.SyncSignalID=NONE
PA15.Locked=true
PA8.GPIO_Label=EN_PWM
PB11.Mode=IN14-Single-Ended
ADC2.ContinuousConvMode=ENABLE
Dma.ADC1.0.SignalID=NONE
ADC2.IPParameters=Rank-0\#ChannelRegularConversion,Channel-0\#ChannelRegularConversion,SamplingTime-0\#ChannelRegularConversion,OffsetNumber-0\#ChannelRegularConversion,NbrOfConversionFlag,ContinuousConvMode,DMAContinuousRequests,OversamplingMode,Ratio,RightBitShift,EnableAnalogWatchDog1,WatchdogChannel,AWD1FilteringConfig,Rank-1\#ChannelRegularConversion,Channel-1\#ChannelRegularConversion,SamplingTime-1\#ChannelRegularConversion,OffsetNumber-1\#ChannelRegularConversion,NbrOfConversion,Rank-2\#ChannelRegularConversion,Channel-2\#ChannelRegularConversion,SamplingTime-2\#ChannelRegularConversion,OffsetNumber-2\#ChannelRegularConversion,Rank-3\#ChannelRegularConversion,Channel-3\#ChannelRegularConversion,SamplingTime-3\#ChannelRegularConversion,OffsetNumber-3\#ChannelRegularConversion
PC6.Locked=true
Dma.ADC1.0.Priority=DMA_PRIORITY_LOW
PA9.Signal=S_TIM2_CH3
ADC2.WatchdogChannel=ADC_CHANNEL_5
PB11.GPIOParameters=GPIO_Label
PB5.Locked=true
TIM8.Channel-PWM\ Generation1\ No\ Output=TIM_CHANNEL_1
ADC2.OffsetNumber-1\#ChannelRegularConversion=ADC_OFFSET_NONE
PB14.Signal=ADC1_IN5
PA5.Signal=OPAMP2_VINM0
ADC2.OffsetNumber-0\#ChannelRegularConversion=ADC_OFFSET_NONE
ProjectManager.LastFirmware=true
VP_SYS_VS_tim7.Signal=SYS_VS_tim7
ADC2.Channel-2\#ChannelRegularConversion=ADC_CHANNEL_14
TIM1.TIM_MasterOutputTrigger=TIM_TRGO_UPDATE
PA1.Mode=PGA Connected-INVERTINGINPUT_IO0_BIAS
SPI1.CRCCalculation=SPI_CRCCALCULATION_DISABLE
PB15.GPIO_Label=ADC_PHOTO_P
RCC.I2C1Freq_Value=170000000
SPI1.Mode=SPI_MODE_MASTER
VP_SYS_VS_DBSignals.Signal=SYS_VS_DBSignals
RCC.RNGFreq_Value=170000000
PA1.GPIO_Label=_+1V65
PA9.Locked=true
NVIC.NonMaskableInt_IRQn=true\:0\:0\:false\:false\:true\:false\:false
SH.S_TIM2_CH3.ConfNb=1
ADC1.DMAContinuousRequests=ENABLE
Dma.ADC2.1.MemInc=DMA_MINC_ENABLE
PA13.Mode=Serial_Wire
ProjectManager.FreePins=true
Mcu.Pin26=PB5
Mcu.Pin27=VP_SYS_VS_tim7
SPI1.NSSPMode=SPI_NSS_PULSE_ENABLE
Mcu.Pin24=PB3
ProjectManager.UnderRoot=true
Mcu.Pin25=PB4
ADC1.ExternalTrigConv=ADC_EXTERNALTRIG_T1_TRGO
Mcu.Pin28=VP_SYS_VS_DBSignals
Mcu.Pin29=VP_TIM8_VS_no_output1
PB4.Locked=true
ADC2.RightBitShift=ADC_RIGHTBITSHIFT_NONE
ADC1.SamplingTime-1\#ChannelRegularConversion=ADC_SAMPLETIME_6CYCLES_5
Mcu.Pin22=PA14
PB5.Signal=SPI1_MOSI
Dma.ADC2.1.Direction=DMA_PERIPH_TO_MEMORY
Mcu.Pin23=PA15
Mcu.Pin20=PA10
ADC1.master=1
PA3.Locked=true
Mcu.Pin21=PA13
PA10.Locked=true
PA5.GPIO_Label=PHOTO_DIFF_P
ADC2.NbrOfConversionFlag=1
NVIC.ForceEnableDMAVector=true
TIM8.TIM_MasterOutputTrigger=TIM_TRGO_UPDATE
NVIC.MemoryManagement_IRQn=true\:0\:0\:false\:false\:true\:false\:false
ProjectManager.CompilerOptimize=6
ADC1.Rank-1\#ChannelRegularConversion=2
OPAMP3.PgaGain=OPAMP_PGA_GAIN_64_OR_MINUS_63
Dma.ADC1.0.RequestNumber=1
ProjectManager.HeapSize=0x200
Mcu.Pin15=PB14
NVIC.HardFault_IRQn=true\:0\:0\:false\:false\:true\:false\:false
Mcu.Pin16=PB15
PB1.Mode=PGA Connected-INVERTINGINPUT_IO0_BIAS
ADC2.OversamplingMode=ENABLE
Mcu.Pin13=PB11
OPAMP1.SelfCalibration=Enable
Mcu.Pin14=PB12
Mcu.Pin19=PA9
TIM8.PeriodNoDither=50-1
ProjectManager.ComputerToolchain=false
Mcu.Pin17=PC6
Mcu.Pin18=PA8
NVIC.PriorityGroup=NVIC_PRIORITYGROUP_4
Mcu.Pin11=PB1
Mcu.Pin12=PB2
Mcu.Pin10=PB0
RCC.PWRFreq_Value=170000000
NVIC.DMA1_Channel1_IRQn=true\:0\:0\:false\:false\:true\:false\:true
PF0-OSC_IN.Signal=RCC_OSC_IN
TIM1.Channel-PWM\ Generation3\ CH3=TIM_CHANNEL_3
RCC.I2C2Freq_Value=170000000
PB0.Signal=OPAMP3_VINP
PA7.GPIOParameters=GPIO_Label
PB12.GPIOParameters=GPIO_Label
TIM1.PeriodNoDither=3400-1
Mcu.Family=STM32G4
Dma.SPI1_TX.2.EventEnable=DISABLE
ProjectManager.MainLocation=Core/Src
ADC1.RightBitShift=ADC_RIGHTBITSHIFT_NONE
PA6.Mode=PGA Connected-INVERTINGINPUT_IO0_BIAS
ADC2.OffsetNumber-2\#ChannelRegularConversion=ADC_OFFSET_NONE
RCC.SAI1Freq_Value=170000000
RCC.CortexFreq_Value=170000000
ProjectManager.KeepUserCode=true
Mcu.UserName=STM32G431CBUx
ADC1.Overrun=ADC_OVR_DATA_PRESERVED
ADC1.ContinuousConvMode=ENABLE
ADC2.Channel-0\#ChannelRegularConversion=ADC_CHANNEL_5
Dma.ADC1.0.Polarity=HAL_DMAMUX_REQ_GEN_RISING
ProjectManager.functionlistsort=1-MX_GPIO_Init-GPIO-false-HAL-true,2-MX_DMA_Init-DMA-false-HAL-true,3-SystemClock_Config-RCC-false-HAL-false,4-MX_TIM1_Init-TIM1-false-HAL-true,5-MX_TIM8_Init-TIM8-false-HAL-true,6-MX_ADC1_Init-ADC1-false-HAL-true,7-MX_OPAMP1_Init-OPAMP1-false-HAL-true,8-MX_ADC2_Init-ADC2-false-HAL-true,9-MX_TIM2_Init-TIM2-false-HAL-true,10-MX_OPAMP2_Init-OPAMP2-false-HAL-true,11-MX_OPAMP3_Init-OPAMP3-false-HAL-true,12-MX_SPI1_Init-SPI1-false-HAL-true
PA9.GPIOParameters=GPIO_Label
PB0.GPIO_Label=_+1V65
RCC.USART2Freq_Value=170000000
SH.S_TIM1_CH3.ConfNb=1
PB11.Signal=ADC2_IN14
PB15.Signal=ADC2_IN15
ProjectManager.StackSize=0x400
Dma.SPI1_TX.2.Polarity=HAL_DMAMUX_REQ_GEN_RISING
ADC2.Ratio=ADC_OVERSAMPLING_RATIO_16
RCC.I2C3Freq_Value=170000000
Mcu.IP4=OPAMP1
Mcu.IP5=OPAMP2
RCC.FCLKCortexFreq_Value=170000000
Mcu.IP2=DMA
Mcu.IP3=NVIC
Mcu.IP0=ADC1
Mcu.IP1=ADC2
TIM1.Prescaler=0
Mcu.UserConstants=
ADC2.DMAContinuousRequests=ENABLE
Mcu.ThirdPartyNb=0
Dma.ADC2.1.SyncEnable=DISABLE
RCC.HCLKFreq_Value=170000000
Mcu.IPNb=13
ProjectManager.PreviousToolchain=
Dma.SPI1_TX.2.SyncRequestNumber=1
PA8.GPIOParameters=GPIO_Label
Mcu.Pin6=PA5
Mcu.Pin7=PA6
Mcu.Pin8=PA7
Mcu.Pin9=PC4
Dma.SPI1_TX.2.Mode=DMA_NORMAL
RCC.AHBFreq_Value=170000000
Mcu.Pin0=PF0-OSC_IN
Mcu.Pin1=PF1-OSC_OUT
TIM8.IPParameters=Channel-PWM Generation1 No Output,Prescaler,PeriodNoDither,TIM_MasterSlaveMode,TIM_MasterOutputTrigger
GPIO.groupedBy=Group By Peripherals
Mcu.Pin2=PA0
Mcu.Pin3=PA1
Mcu.Pin4=PA2
Mcu.Pin5=PA3
ADC1.Channel-0\#ChannelRegularConversion=ADC_CHANNEL_5
RCC.HSE_VALUE=16000000
NVIC.DebugMonitor_IRQn=true\:0\:0\:false\:false\:true\:false\:false
Mcu.IP10=TIM1
NVIC.SysTick_IRQn=true\:0\:0\:false\:false\:true\:false\:true
PA15.Mode=NSS_Signal_Hard_Output
Mcu.IP12=TIM8
Mcu.IP11=TIM2
Dma.ADC2.1.SyncPolarity=HAL_DMAMUX_SYNC_NO_EVENT
TIM2.PeriodNoDither=3400-1
PB4.Mode=Full_Duplex_Master
RCC.VCOInputFreq_Value=4000000
PA14.Mode=Serial_Wire
PB5.Mode=Full_Duplex_Master
File.Version=6
PA10.GPIO_Label=LAMP_PWM
VP_SYS_VS_DBSignals.Mode=DisableDeadBatterySignals
Dma.ADC2.1.PeriphInc=DMA_PINC_DISABLE
Dma.RequestsNb=3
PB0.Locked=true
OPAMP1.PgaGain=OPAMP_PGA_GAIN_8_OR_MINUS_7
RCC.CRSFreq_Value=48000000
ProjectManager.ProjectName=spectrometerFrontend
Dma.ADC2.1.RequestParameters=Instance,Direction,PeriphInc,MemInc,PeriphDataAlignment,MemDataAlignment,Mode,Priority,SignalID,Polarity,RequestNumber,SyncSignalID,SyncPolarity,SyncEnable,EventEnable,SyncRequestNumber
Dma.SPI1_TX.2.MemDataAlignment=DMA_MDATAALIGN_BYTE
PA6.Signal=OPAMP2_VOUT
PB12.Mode=IN11-Single-Ended
PA7.Locked=true
ProjectManager.ToolChainLocation=
PA2.GPIO_Label=TEMP_PGA
RCC.LSI_VALUE=32000
PA15.Signal=SPI1_NSS
ADC1.OffsetNumber-1\#ChannelRegularConversion=ADC_OFFSET_NONE
ADC2.SamplingTime-0\#ChannelRegularConversion=ADC_SAMPLETIME_640CYCLES_5
TIM8.Prescaler=170-1
ADC2.SamplingTime-2\#ChannelRegularConversion=ADC_SAMPLETIME_640CYCLES_5
ADC2.NbrOfConversion=4
Dma.Request2=SPI1_TX
Dma.Request1=ADC2
Dma.SPI1_TX.2.SyncEnable=DISABLE
PC4.Locked=true
ADC2.Rank-0\#ChannelRegularConversion=1
PF1-OSC_OUT.Mode=HSE-External-Oscillator
Dma.Request0=ADC1
SPI1.BaudRatePrescaler=SPI_BAUDRATEPRESCALER_256
NVIC.TIM7_IRQn=true\:0\:0\:false\:false\:true\:false\:true
ADC2.Channel-3\#ChannelRegularConversion=ADC_CHANNEL_15
PB15.Locked=true
PB3.Locked=true
PB4.Signal=SPI1_MISO
PA3.Signal=OPAMP1_VINM0
PA2.Locked=true
RCC.PLLSourceVirtual=RCC_PLLSOURCE_HSE
RCC.I2SFreq_Value=170000000
PA7.Mode=PGA Connected-INVERTINGINPUT_IO0_BIAS
Dma.SPI1_TX.2.Direction=DMA_MEMORY_TO_PERIPH
Dma.SPI1_TX.2.SignalID=NONE
ProjectManager.NoMain=false
SPI1.IPParameters=VirtualType,Mode,Direction,CalculateBaudRate,BaudRatePrescaler,DataSize,NSSPMode,VirtualNSS,CRCCalculation
VP_SYS_VS_tim7.Mode=TIM7
PC4.Signal=ADC2_IN5
VP_TIM8_VS_no_output1.Signal=TIM8_VS_no_output1
RCC.EXTERNAL_CLOCK_VALUE=12288000
ProjectManager.DefaultFWLocation=true
OPAMP1.PowerMode=OPAMP_POWERMODE_NORMAL
PB12.Locked=true
ProjectManager.DeletePrevious=true
RCC.FamilyName=M
SH.GPXTI6.0=GPIO_EXTI6
ADC2.AWD1FilteringConfig=ADC_AWD_FILTERING_8SAMPLES
PA13.Signal=SYS_JTMS-SWDIO
Dma.ADC1.0.PeriphDataAlignment=DMA_PDATAALIGN_HALFWORD
ADC2.OffsetNumber-3\#ChannelRegularConversion=ADC_OFFSET_NONE
Dma.SPI1_TX.2.Instance=DMA1_Channel3
PC6.GPIO_ModeDefaultEXTI=GPIO_MODE_IT_RISING_FALLING
NVIC.DMA1_Channel2_IRQn=true\:0\:0\:false\:false\:true\:false\:true
ProjectManager.TargetToolchain=STM32CubeIDE
Dma.ADC1.0.Mode=DMA_CIRCULAR
Dma.ADC1.0.SyncSignalID=NONE
PB2.GPIOParameters=GPIO_Label
ADC1.Channel-1\#ChannelRegularConversion=ADC_CHANNEL_11
ADC1.EnableAnalogWatchDog1=false
Dma.SPI1_TX.2.SyncPolarity=HAL_DMAMUX_SYNC_NO_EVENT
ProjectManager.RegisterCallBack=
RCC.USBFreq_Value=170000000
ADC1.Ratio=ADC_OVERSAMPLING_RATIO_16
Dma.SPI1_TX.2.PeriphDataAlignment=DMA_PDATAALIGN_BYTE
Dma.ADC2.1.Mode=DMA_CIRCULAR
RCC.LSE_VALUE=32768
PA1.Signal=OPAMP1_VINP
PB1.Locked=true
PF0-OSC_IN.Mode=HSE-External-Oscillator
VP_TIM8_VS_no_output1.Mode=PWM Generation1 No Output
PB0.Mode=PGA Connected-INVERTINGINPUT_IO0_BIAS
board=custom
RCC.VCOOutputFreq_Value=340000000
PB15.Mode=IN15-Single-Ended
Dma.ADC1.0.SyncPolarity=HAL_DMAMUX_SYNC_NO_EVENT
Dma.ADC1.0.RequestParameters=Instance,Direction,PeriphInc,MemInc,PeriphDataAlignment,MemDataAlignment,Mode,Priority,SignalID,Polarity,RequestNumber,SyncSignalID,SyncPolarity,SyncEnable,EventEnable,SyncRequestNumber
RCC.APB2Freq_Value=170000000
RCC.UART4Freq_Value=170000000
Dma.SPI1_TX.2.RequestParameters=Instance,Direction,PeriphInc,MemInc,PeriphDataAlignment,MemDataAlignment,Mode,Priority,SignalID,Polarity,RequestNumber,SyncSignalID,SyncPolarity,SyncEnable,EventEnable,SyncRequestNumber
MxCube.Version=6.0.0
TIM2.Integer_PeriodDither=850-1
SH.S_TIM2_CH3.0=TIM2_CH3,PWM Generation3 CH3
RCC.FDCANFreq_Value=170000000
PA10.GPIOParameters=GPIO_Label
TIM2.Channel-PWM\ Generation3\ CH3=TIM_CHANNEL_3
ADC2.SamplingTime-3\#ChannelRegularConversion=ADC_SAMPLETIME_640CYCLES_5
PB15.GPIOParameters=GPIO_Label
ADC1.NbrOfConversion=2
RCC.IPParameters=ADC12Freq_Value,AHBFreq_Value,APB1Freq_Value,APB1TimFreq_Value,APB2Freq_Value,APB2TimFreq_Value,CRSFreq_Value,CortexFreq_Value,EXTERNAL_CLOCK_VALUE,FCLKCortexFreq_Value,FDCANFreq_Value,FamilyName,HCLKFreq_Value,HSE_VALUE,HSI48_VALUE,HSI_VALUE,I2C1Freq_Value,I2C2Freq_Value,I2C3Freq_Value,I2SFreq_Value,LPTIM1Freq_Value,LPUART1Freq_Value,LSCOPinFreq_Value,LSE_VALUE,LSI_VALUE,MCO1PinFreq_Value,PLLM,PLLN,PLLPoutputFreq_Value,PLLQoutputFreq_Value,PLLRCLKFreq_Value,PLLSourceVirtual,PWRFreq_Value,RNGFreq_Value,SAI1Freq_Value,SYSCLKFreq_VALUE,SYSCLKSource,UART4Freq_Value,USART1Freq_Value,USART2Freq_Value,USART3Freq_Value,USBFreq_Value,VCOInputFreq_Value,VCOOutputFreq_Value
ProjectManager.AskForMigrate=true
Mcu.Name=STM32G431C(6-8-B)Ux
PA2.Signal=OPAMP1_VOUT
PB2.Locked=true
Mcu.IP8=SPI1
Mcu.IP9=SYS
Mcu.IP6=OPAMP3
Mcu.IP7=RCC
ProjectManager.CoupleFile=true
PB3.Signal=SPI1_SCK
RCC.SYSCLKFreq_VALUE=170000000
PA1.Locked=true
PA7.GPIO_Label=_+1V65
KeepUserPlacement=false
PB2.Mode=PGA Connected-INVERTINGINPUT_IO0_BIAS
Dma.ADC1.0.SyncEnable=DISABLE
NVIC.EXTI9_5_IRQn=true\:0\:0\:false\:false\:true\:true\:true
PA14.Signal=SYS_JTCK-SWCLK
Dma.ADC1.0.MemInc=DMA_MINC_ENABLE
PB2.GPIO_Label=PHOTO_DIFF_N
PC6.GPIOParameters=GPIO_Label,GPIO_ModeDefaultEXTI
SH.S_TIM1_CH3.0=TIM1_CH3,PWM Generation3 CH3
Dma.ADC2.1.SignalID=NONE
RCC.HSI_VALUE=16000000
Dma.ADC2.1.EventEnable=DISABLE
ADC1.NbrOfConversionFlag=1
Dma.ADC2.1.MemDataAlignment=DMA_MDATAALIGN_HALFWORD
RCC.PLLM=RCC_PLLM_DIV4
RCC.PLLN=85
ADC2.Rank-1\#ChannelRegularConversion=2
PA2.Mode=PGA Connected-INVERTINGINPUT_IO0_BIAS
Dma.ADC2.1.Priority=DMA_PRIORITY_LOW
Dma.SPI1_TX.2.SyncSignalID=NONE
RCC.APB1Freq_Value=170000000
OPAMP1.IPParameters=PowerMode,PgaGain,UserTrimming,SelfCalibration
PB11.Locked=true
ProjectManager.DeviceId=STM32G431CBUx
PB12.Signal=ADC1_IN11
ProjectManager.LibraryCopy=1
TIM1.TIM_MasterSlaveMode=TIM_MASTERSLAVEMODE_DISABLE
PA3.GPIO_Label=TEMP_SENSE
PB1.GPIOParameters=GPIO_Label
PA7.Signal=OPAMP2_VINP
PA6.Locked=true
